
Microsoft Visual Studio Solution File, Format Version 12.00
# Visual Studio Version 17
VisualStudioVersion = 17.3.32825.248
MinimumVisualStudioVersion = 10.0.40219.1
Project("{9A19103F-16F7-4668-BE54-9A1E7A4F7556}") = "CGI_Project", "CGI_Project\CGI_Project.csproj", "{BB725F96-3BC3-45A5-A071-EC13F701E327}"
EndProject
Project("{9A19103F-16F7-4668-BE54-9A1E7A4F7556}") = "CGI_DAL", "CGI_DAL\CGI_DAL.csproj", "{BA7489EB-AC91-4228-B26E-A741B610E4E4}"
EndProject
Project("{9A19103F-16F7-4668-BE54-9A1E7A4F7556}") = "CGI_BLL", "CGI_BLL\CGI_BLL.csproj", "{CD902768-2B3B-442D-82F7-E573C7812567}"
EndProject
Project("{9A19103F-16F7-4668-BE54-9A1E7A4F7556}") = "CGI_Models", "CGI_Models\CGI_Models.csproj", "{9EAB49BE-4042-451E-AACC-0E0309B48C21}"
EndProject
Project("{9A19103F-16F7-4668-BE54-9A1E7A4F7556}") = "CGI_Interfaces", "CGI_Interfaces\CGI_Interfaces.csproj", "{CFB47A0F-113E-4728-94DB-FFB2BB527F2F}"
EndProject
Project("{FAE04EC0-301F-11D3-BF4B-00C04F79EFBC}") = "ConsoleApp1", "ConsoleApp1\ConsoleApp1.csproj", "{5B188217-368A-4FD0-969E-C45FE9D07D20}"
EndProject
Global
	GlobalSection(SolutionConfigurationPlatforms) = preSolution
		Debug|Any CPU = Debug|Any CPU
		Release|Any CPU = Release|Any CPU
	EndGlobalSection
	GlobalSection(ProjectConfigurationPlatforms) = postSolution
		{BB725F96-3BC3-45A5-A071-EC13F701E327}.Debug|Any CPU.ActiveCfg = Debug|Any CPU
		{BB725F96-3BC3-45A5-A071-EC13F701E327}.Debug|Any CPU.Build.0 = Debug|Any CPU
		{BB725F96-3BC3-45A5-A071-EC13F701E327}.Release|Any CPU.ActiveCfg = Release|Any CPU
		{BB725F96-3BC3-45A5-A071-EC13F701E327}.Release|Any CPU.Build.0 = Release|Any CPU
		{BA7489EB-AC91-4228-B26E-A741B610E4E4}.Debug|Any CPU.ActiveCfg = Debug|Any CPU
		{BA7489EB-AC91-4228-B26E-A741B610E4E4}.Debug|Any CPU.Build.0 = Debug|Any CPU
		{BA7489EB-AC91-4228-B26E-A741B610E4E4}.Release|Any CPU.ActiveCfg = Release|Any CPU
		{BA7489EB-AC91-4228-B26E-A741B610E4E4}.Release|Any CPU.Build.0 = Release|Any CPU
		{CD902768-2B3B-442D-82F7-E573C7812567}.Debug|Any CPU.ActiveCfg = Debug|Any CPU
		{CD902768-2B3B-442D-82F7-E573C7812567}.Debug|Any CPU.Build.0 = Debug|Any CPU
		{CD902768-2B3B-442D-82F7-E573C7812567}.Release|Any CPU.ActiveCfg = Release|Any CPU
		{CD902768-2B3B-442D-82F7-E573C7812567}.Release|Any CPU.Build.0 = Release|Any CPU
		{9EAB49BE-4042-451E-AACC-0E0309B48C21}.Debug|Any CPU.ActiveCfg = Debug|Any CPU
		{9EAB49BE-4042-451E-AACC-0E0309B48C21}.Debug|Any CPU.Build.0 = Debug|Any CPU
		{9EAB49BE-4042-451E-AACC-0E0309B48C21}.Release|Any CPU.ActiveCfg = Release|Any CPU
		{9EAB49BE-4042-451E-AACC-0E0309B48C21}.Release|Any CPU.Build.0 = Release|Any CPU
		{CFB47A0F-113E-4728-94DB-FFB2BB527F2F}.Debug|Any CPU.ActiveCfg = Debug|Any CPU
		{CFB47A0F-113E-4728-94DB-FFB2BB527F2F}.Debug|Any CPU.Build.0 = Debug|Any CPU
		{CFB47A0F-113E-4728-94DB-FFB2BB527F2F}.Release|Any CPU.ActiveCfg = Release|Any CPU
		{CFB47A0F-113E-4728-94DB-FFB2BB527F2F}.Release|Any CPU.Build.0 = Release|Any CPU
		{5B188217-368A-4FD0-969E-C45FE9D07D20}.Debug|Any CPU.ActiveCfg = Debug|Any CPU
		{5B188217-368A-4FD0-969E-C45FE9D07D20}.Debug|Any CPU.Build.0 = Debug|Any CPU
		{5B188217-368A-4FD0-969E-C45FE9D07D20}.Release|Any CPU.ActiveCfg = Release|Any CPU
		{5B188217-368A-4FD0-969E-C45FE9D07D20}.Release|Any CPU.Build.0 = Release|Any CPU
	EndGlobalSection
	GlobalSection(SolutionProperties) = preSolution
		HideSolutionNode = FALSE
	EndGlobalSection
	GlobalSection(ExtensibilityGlobals) = postSolution
		SolutionGuid = {E7926568-AB73-4B59-854F-37A5630BE3A7}
	EndGlobalSection
EndGlobal
